
Microsoft Visual Studio Solution File, Format Version 12.00
# Visual Studio Version 17
VisualStudioVersion = 17.13.35825.156
MinimumVisualStudioVersion = 10.0.40219.1
Project("{FAE04EC0-301F-11D3-BF4B-00C04F79EFBC}") = "Erox.ImageService.Api", "Erox.ImageService.Api\Erox.ImageService.Api.csproj", "{492B9B03-9451-4C3D-A879-AFA71C03DDFF}"
EndProject
Project("{FAE04EC0-301F-11D3-BF4B-00C04F79EFBC}") = "ImageService.Tests", "ImageService.Tests\ImageService.Tests.csproj", "{762FA117-DA10-4C4F-98F7-E18EAD527842}"
EndProject
Project("{2150E333-8FDC-42A3-9474-1A3956D46DE8}") = ".github", ".github", "{02EA681E-C7D8-13C7-8484-4AC65E1B71E8}"
EndProject
Project("{2150E333-8FDC-42A3-9474-1A3956D46DE8}") = "workflows", "workflows", "{E566A90E-D2F6-4EC8-A5E1-01445A99B915}"
	ProjectSection(SolutionItems) = preProject
		ci-cd.yml = ci-cd.yml
	EndProjectSection
EndProject
Global
	GlobalSection(SolutionConfigurationPlatforms) = preSolution
		Debug|Any CPU = Debug|Any CPU
		Release|Any CPU = Release|Any CPU
	EndGlobalSection
	GlobalSection(ProjectConfigurationPlatforms) = postSolution
		{492B9B03-9451-4C3D-A879-AFA71C03DDFF}.Debug|Any CPU.ActiveCfg = Debug|Any CPU
		{492B9B03-9451-4C3D-A879-AFA71C03DDFF}.Debug|Any CPU.Build.0 = Debug|Any CPU
		{492B9B03-9451-4C3D-A879-AFA71C03DDFF}.Release|Any CPU.ActiveCfg = Release|Any CPU
		{492B9B03-9451-4C3D-A879-AFA71C03DDFF}.Release|Any CPU.Build.0 = Release|Any CPU
		{762FA117-DA10-4C4F-98F7-E18EAD527842}.Debug|Any CPU.ActiveCfg = Debug|Any CPU
		{762FA117-DA10-4C4F-98F7-E18EAD527842}.Debug|Any CPU.Build.0 = Debug|Any CPU
		{762FA117-DA10-4C4F-98F7-E18EAD527842}.Release|Any CPU.ActiveCfg = Release|Any CPU
		{762FA117-DA10-4C4F-98F7-E18EAD527842}.Release|Any CPU.Build.0 = Release|Any CPU
	EndGlobalSection
	GlobalSection(SolutionProperties) = preSolution
		HideSolutionNode = FALSE
	EndGlobalSection
	GlobalSection(NestedProjects) = preSolution
		{E566A90E-D2F6-4EC8-A5E1-01445A99B915} = {02EA681E-C7D8-13C7-8484-4AC65E1B71E8}
	EndGlobalSection
	GlobalSection(ExtensibilityGlobals) = postSolution
		SolutionGuid = {408614E7-460C-40DC-A26A-3D3C26BE8012}
	EndGlobalSection
EndGlobal
