
Microsoft Visual Studio Solution File, Format Version 12.00
# Visual Studio Version 17
VisualStudioVersion = 17.13.35825.156
MinimumVisualStudioVersion = 10.0.40219.1
Project("{FAE04EC0-301F-11D3-BF4B-00C04F79EFBC}") = "UserService", "UserService\UserService.csproj", "{2DEAF37A-0649-44CC-8F87-C2CF7BB1C182}"
EndProject
Project("{FAE04EC0-301F-11D3-BF4B-00C04F79EFBC}") = "UserService.Tests", "UserService.Tests\UserService.Tests.csproj", "{7D4A4F9A-FCC6-4DE9-8CA1-62B6360EBE1E}"
EndProject
Project("{2150E333-8FDC-42A3-9474-1A3956D46DE8}") = ".github", ".github", "{02EA681E-C7D8-13C7-8484-4AC65E1B71E8}"
EndProject
Project("{2150E333-8FDC-42A3-9474-1A3956D46DE8}") = "workflows", "workflows", "{6E7C53ED-228A-41C2-9C50-C3B72019C15A}"
	ProjectSection(SolutionItems) = preProject
		ci-cd.yml = ci-cd.yml
	EndProjectSection
EndProject
Global
	GlobalSection(SolutionConfigurationPlatforms) = preSolution
		Debug|Any CPU = Debug|Any CPU
		Release|Any CPU = Release|Any CPU
	EndGlobalSection
	GlobalSection(ProjectConfigurationPlatforms) = postSolution
		{2DEAF37A-0649-44CC-8F87-C2CF7BB1C182}.Debug|Any CPU.ActiveCfg = Debug|Any CPU
		{2DEAF37A-0649-44CC-8F87-C2CF7BB1C182}.Debug|Any CPU.Build.0 = Debug|Any CPU
		{2DEAF37A-0649-44CC-8F87-C2CF7BB1C182}.Release|Any CPU.ActiveCfg = Release|Any CPU
		{2DEAF37A-0649-44CC-8F87-C2CF7BB1C182}.Release|Any CPU.Build.0 = Release|Any CPU
		{7D4A4F9A-FCC6-4DE9-8CA1-62B6360EBE1E}.Debug|Any CPU.ActiveCfg = Debug|Any CPU
		{7D4A4F9A-FCC6-4DE9-8CA1-62B6360EBE1E}.Debug|Any CPU.Build.0 = Debug|Any CPU
		{7D4A4F9A-FCC6-4DE9-8CA1-62B6360EBE1E}.Release|Any CPU.ActiveCfg = Release|Any CPU
		{7D4A4F9A-FCC6-4DE9-8CA1-62B6360EBE1E}.Release|Any CPU.Build.0 = Release|Any CPU
	EndGlobalSection
	GlobalSection(SolutionProperties) = preSolution
		HideSolutionNode = FALSE
	EndGlobalSection
	GlobalSection(NestedProjects) = preSolution
		{6E7C53ED-228A-41C2-9C50-C3B72019C15A} = {02EA681E-C7D8-13C7-8484-4AC65E1B71E8}
	EndGlobalSection
	GlobalSection(ExtensibilityGlobals) = postSolution
		SolutionGuid = {2E319817-7C37-4913-AEA6-E6B4DF0F7631}
	EndGlobalSection
EndGlobal
